
Microsoft Visual Studio Solution File, Format Version 12.00
# Visual Studio Version 17
VisualStudioVersion = 17.2.32630.192
MinimumVisualStudioVersion = 10.0.40219.1
Project("{9A19103F-16F7-4668-BE54-9A1E7A4F7556}") = "F10Y.L0006.Construction", "F10Y.L0006.Construction\F10Y.L0006.Construction.csproj", "{36A6B64C-C981-49B4-A787-1E56617C1E9C}"
EndProject
Project("{9A19103F-16F7-4668-BE54-9A1E7A4F7556}") = "F10Y.L0006", "F10Y.L0006\F10Y.L0006.csproj", "{5DFC3752-5290-402F-8E94-6D03548BE9BB}"
EndProject
Project("{2150E333-8FDC-42A3-9474-1A3956D46DE8}") = "_Dependencies", "_Dependencies", "{9DECE724-F8BC-47FF-A523-FD9D40186852}"
EndProject
Project("{9A19103F-16F7-4668-BE54-9A1E7A4F7556}") = "F10Y.L0000", "..\..\F10Y.L0000\source\F10Y.L0000\F10Y.L0000.csproj", "{F01DCEE3-AA09-4051-BDB3-7874B720CE5D}"
EndProject
Project("{9A19103F-16F7-4668-BE54-9A1E7A4F7556}") = "F10Y.T0000", "..\..\F10Y.T0000\source\F10Y.T0000\F10Y.T0000.csproj", "{10CF8A02-BBC3-4A7C-82FA-5C0525F3C2FE}"
EndProject
Project("{9A19103F-16F7-4668-BE54-9A1E7A4F7556}") = "F10Y.T0001", "..\..\F10Y.T0001\source\F10Y.T0001\F10Y.T0001.csproj", "{CBB21CF1-D680-47F0-BB03-0077BBE364BC}"
EndProject
Project("{9A19103F-16F7-4668-BE54-9A1E7A4F7556}") = "F10Y.T0002", "..\..\F10Y.T0002\source\F10Y.T0002\F10Y.T0002.csproj", "{4C3B16E8-28C3-4DA9-996B-4CB66FD17C73}"
EndProject
Project("{9A19103F-16F7-4668-BE54-9A1E7A4F7556}") = "F10Y.T0003", "..\..\F10Y.T0003\source\F10Y.T0003\F10Y.T0003.csproj", "{C7D108B2-CA2C-47B1-8413-8D07DDF0EBA1}"
EndProject
Project("{9A19103F-16F7-4668-BE54-9A1E7A4F7556}") = "F10Y.T0004", "..\..\F10Y.T0004\source\F10Y.T0004\F10Y.T0004.csproj", "{07B779AF-EBF1-4E97-BEE7-229B17057A39}"
EndProject
Project("{9A19103F-16F7-4668-BE54-9A1E7A4F7556}") = "F10Y.T0011", "..\..\F10Y.T0011\source\F10Y.T0011\F10Y.T0011.csproj", "{099565C8-BB82-47CC-BA7D-1884557FD476}"
EndProject
Project("{9A19103F-16F7-4668-BE54-9A1E7A4F7556}") = "F10Y.Y0000", "..\..\F10Y.Y0000\source\F10Y.Y0000\F10Y.Y0000.csproj", "{2E205623-0700-4AAA-8588-D2C923BEFB29}"
EndProject
Project("{9A19103F-16F7-4668-BE54-9A1E7A4F7556}") = "F10Y.L0006.Z000", "F10Y.L0006.Z000\F10Y.L0006.Z000.csproj", "{F0E029F9-DE1E-4A3E-87D3-CA0A826FEBC5}"
EndProject
Project("{9A19103F-16F7-4668-BE54-9A1E7A4F7556}") = "F10Y.Z0002", "..\..\F10Y.Z0002\source\F10Y.Z0002\F10Y.Z0002.csproj", "{5CC8A8F7-9304-4431-807F-A9EEF2124321}"
EndProject
Global
	GlobalSection(NestedProjects) = preSolution
		{F01DCEE3-AA09-4051-BDB3-7874B720CE5D} = {9DECE724-F8BC-47FF-A523-FD9D40186852}
		{10CF8A02-BBC3-4A7C-82FA-5C0525F3C2FE} = {9DECE724-F8BC-47FF-A523-FD9D40186852}
		{CBB21CF1-D680-47F0-BB03-0077BBE364BC} = {9DECE724-F8BC-47FF-A523-FD9D40186852}
		{4C3B16E8-28C3-4DA9-996B-4CB66FD17C73} = {9DECE724-F8BC-47FF-A523-FD9D40186852}
		{C7D108B2-CA2C-47B1-8413-8D07DDF0EBA1} = {9DECE724-F8BC-47FF-A523-FD9D40186852}
		{07B779AF-EBF1-4E97-BEE7-229B17057A39} = {9DECE724-F8BC-47FF-A523-FD9D40186852}
		{099565C8-BB82-47CC-BA7D-1884557FD476} = {9DECE724-F8BC-47FF-A523-FD9D40186852}
		{2E205623-0700-4AAA-8588-D2C923BEFB29} = {9DECE724-F8BC-47FF-A523-FD9D40186852}
		{5CC8A8F7-9304-4431-807F-A9EEF2124321} = {9DECE724-F8BC-47FF-A523-FD9D40186852}
	EndGlobalSection
	GlobalSection(SolutionConfigurationPlatforms) = preSolution
		Debug|Any CPU = Debug|Any CPU
		Release|Any CPU = Release|Any CPU
	EndGlobalSection
	GlobalSection(ProjectConfigurationPlatforms) = postSolution
		{36A6B64C-C981-49B4-A787-1E56617C1E9C}.Debug|Any CPU.ActiveCfg = Debug|Any CPU
		{36A6B64C-C981-49B4-A787-1E56617C1E9C}.Debug|Any CPU.Build.0 = Debug|Any CPU
		{36A6B64C-C981-49B4-A787-1E56617C1E9C}.Release|Any CPU.ActiveCfg = Release|Any CPU
		{36A6B64C-C981-49B4-A787-1E56617C1E9C}.Release|Any CPU.Build.0 = Release|Any CPU
		{5DFC3752-5290-402F-8E94-6D03548BE9BB}.Debug|Any CPU.ActiveCfg = Debug|Any CPU
		{5DFC3752-5290-402F-8E94-6D03548BE9BB}.Debug|Any CPU.Build.0 = Debug|Any CPU
		{5DFC3752-5290-402F-8E94-6D03548BE9BB}.Release|Any CPU.ActiveCfg = Release|Any CPU
		{5DFC3752-5290-402F-8E94-6D03548BE9BB}.Release|Any CPU.Build.0 = Release|Any CPU
		{F01DCEE3-AA09-4051-BDB3-7874B720CE5D}.Debug|Any CPU.ActiveCfg = Debug|Any CPU
		{F01DCEE3-AA09-4051-BDB3-7874B720CE5D}.Debug|Any CPU.Build.0 = Debug|Any CPU
		{F01DCEE3-AA09-4051-BDB3-7874B720CE5D}.Release|Any CPU.ActiveCfg = Release|Any CPU
		{F01DCEE3-AA09-4051-BDB3-7874B720CE5D}.Release|Any CPU.Build.0 = Release|Any CPU
		{10CF8A02-BBC3-4A7C-82FA-5C0525F3C2FE}.Debug|Any CPU.ActiveCfg = Debug|Any CPU
		{10CF8A02-BBC3-4A7C-82FA-5C0525F3C2FE}.Debug|Any CPU.Build.0 = Debug|Any CPU
		{10CF8A02-BBC3-4A7C-82FA-5C0525F3C2FE}.Release|Any CPU.ActiveCfg = Release|Any CPU
		{10CF8A02-BBC3-4A7C-82FA-5C0525F3C2FE}.Release|Any CPU.Build.0 = Release|Any CPU
		{CBB21CF1-D680-47F0-BB03-0077BBE364BC}.Debug|Any CPU.ActiveCfg = Debug|Any CPU
		{CBB21CF1-D680-47F0-BB03-0077BBE364BC}.Debug|Any CPU.Build.0 = Debug|Any CPU
		{CBB21CF1-D680-47F0-BB03-0077BBE364BC}.Release|Any CPU.ActiveCfg = Release|Any CPU
		{CBB21CF1-D680-47F0-BB03-0077BBE364BC}.Release|Any CPU.Build.0 = Release|Any CPU
		{4C3B16E8-28C3-4DA9-996B-4CB66FD17C73}.Debug|Any CPU.ActiveCfg = Debug|Any CPU
		{4C3B16E8-28C3-4DA9-996B-4CB66FD17C73}.Debug|Any CPU.Build.0 = Debug|Any CPU
		{4C3B16E8-28C3-4DA9-996B-4CB66FD17C73}.Release|Any CPU.ActiveCfg = Release|Any CPU
		{4C3B16E8-28C3-4DA9-996B-4CB66FD17C73}.Release|Any CPU.Build.0 = Release|Any CPU
		{C7D108B2-CA2C-47B1-8413-8D07DDF0EBA1}.Debug|Any CPU.ActiveCfg = Debug|Any CPU
		{C7D108B2-CA2C-47B1-8413-8D07DDF0EBA1}.Debug|Any CPU.Build.0 = Debug|Any CPU
		{C7D108B2-CA2C-47B1-8413-8D07DDF0EBA1}.Release|Any CPU.ActiveCfg = Release|Any CPU
		{C7D108B2-CA2C-47B1-8413-8D07DDF0EBA1}.Release|Any CPU.Build.0 = Release|Any CPU
		{07B779AF-EBF1-4E97-BEE7-229B17057A39}.Debug|Any CPU.ActiveCfg = Debug|Any CPU
		{07B779AF-EBF1-4E97-BEE7-229B17057A39}.Debug|Any CPU.Build.0 = Debug|Any CPU
		{07B779AF-EBF1-4E97-BEE7-229B17057A39}.Release|Any CPU.ActiveCfg = Release|Any CPU
		{07B779AF-EBF1-4E97-BEE7-229B17057A39}.Release|Any CPU.Build.0 = Release|Any CPU
		{099565C8-BB82-47CC-BA7D-1884557FD476}.Debug|Any CPU.ActiveCfg = Debug|Any CPU
		{099565C8-BB82-47CC-BA7D-1884557FD476}.Debug|Any CPU.Build.0 = Debug|Any CPU
		{099565C8-BB82-47CC-BA7D-1884557FD476}.Release|Any CPU.ActiveCfg = Release|Any CPU
		{099565C8-BB82-47CC-BA7D-1884557FD476}.Release|Any CPU.Build.0 = Release|Any CPU
		{2E205623-0700-4AAA-8588-D2C923BEFB29}.Debug|Any CPU.ActiveCfg = Debug|Any CPU
		{2E205623-0700-4AAA-8588-D2C923BEFB29}.Debug|Any CPU.Build.0 = Debug|Any CPU
		{2E205623-0700-4AAA-8588-D2C923BEFB29}.Release|Any CPU.ActiveCfg = Release|Any CPU
		{2E205623-0700-4AAA-8588-D2C923BEFB29}.Release|Any CPU.Build.0 = Release|Any CPU
		{F0E029F9-DE1E-4A3E-87D3-CA0A826FEBC5}.Debug|Any CPU.ActiveCfg = Debug|Any CPU
		{F0E029F9-DE1E-4A3E-87D3-CA0A826FEBC5}.Debug|Any CPU.Build.0 = Debug|Any CPU
		{F0E029F9-DE1E-4A3E-87D3-CA0A826FEBC5}.Release|Any CPU.ActiveCfg = Release|Any CPU
		{F0E029F9-DE1E-4A3E-87D3-CA0A826FEBC5}.Release|Any CPU.Build.0 = Release|Any CPU
		{5CC8A8F7-9304-4431-807F-A9EEF2124321}.Debug|Any CPU.ActiveCfg = Debug|Any CPU
		{5CC8A8F7-9304-4431-807F-A9EEF2124321}.Debug|Any CPU.Build.0 = Debug|Any CPU
		{5CC8A8F7-9304-4431-807F-A9EEF2124321}.Release|Any CPU.ActiveCfg = Release|Any CPU
		{5CC8A8F7-9304-4431-807F-A9EEF2124321}.Release|Any CPU.Build.0 = Release|Any CPU
	EndGlobalSection
	GlobalSection(SolutionProperties) = preSolution
		HideSolutionNode = FALSE
	EndGlobalSection
	GlobalSection(ExtensibilityGlobals) = postSolution
		SolutionGuid = {4ECE36A7-AAC8-4799-8665-08ED6FB03976}
	EndGlobalSection
EndGlobal
