
Microsoft Visual Studio Solution File, Format Version 12.00
# Visual Studio Version 17
VisualStudioVersion = 17.2.32630.192
MinimumVisualStudioVersion = 10.0.40219.1
Project("{9A19103F-16F7-4668-BE54-9A1E7A4F7556}") = "F10Y.L0006", "F10Y.L0006\F10Y.L0006.csproj", "{77112863-268A-4E62-8C58-BABCBBE61FAA}"
EndProject
Project("{2150E333-8FDC-42A3-9474-1A3956D46DE8}") = "_Dependencies", "_Dependencies", "{AA6A8890-D1E2-4A44-BCF9-19829E87E9E1}"
EndProject
Project("{9A19103F-16F7-4668-BE54-9A1E7A4F7556}") = "F10Y.L0000", "..\..\F10Y.L0000\source\F10Y.L0000\F10Y.L0000.csproj", "{06388A18-6BBF-4F76-BD59-54D0E2B103BA}"
EndProject
Project("{9A19103F-16F7-4668-BE54-9A1E7A4F7556}") = "F10Y.L0006.Z000", "F10Y.L0006.Z000\F10Y.L0006.Z000.csproj", "{36122283-346C-4000-81B8-21527A5C8B99}"
EndProject
Project("{9A19103F-16F7-4668-BE54-9A1E7A4F7556}") = "F10Y.T0000", "..\..\F10Y.T0000\source\F10Y.T0000\F10Y.T0000.csproj", "{25DE704B-23B2-4922-9335-A8A1B8BCFCDF}"
EndProject
Project("{9A19103F-16F7-4668-BE54-9A1E7A4F7556}") = "F10Y.T0001", "..\..\F10Y.T0001\source\F10Y.T0001\F10Y.T0001.csproj", "{3832E035-5975-4569-9290-C30835BE01A2}"
EndProject
Project("{9A19103F-16F7-4668-BE54-9A1E7A4F7556}") = "F10Y.T0002", "..\..\F10Y.T0002\source\F10Y.T0002\F10Y.T0002.csproj", "{9E40244A-7B40-4C89-AFAF-FA85EA4CA93A}"
EndProject
Project("{9A19103F-16F7-4668-BE54-9A1E7A4F7556}") = "F10Y.T0003", "..\..\F10Y.T0003\source\F10Y.T0003\F10Y.T0003.csproj", "{E8588495-4032-4992-B637-00C94FB9E2A7}"
EndProject
Project("{9A19103F-16F7-4668-BE54-9A1E7A4F7556}") = "F10Y.T0004", "..\..\F10Y.T0004\source\F10Y.T0004\F10Y.T0004.csproj", "{A9BF559F-72D4-4A60-86FD-DD3C6B7CAED5}"
EndProject
Project("{9A19103F-16F7-4668-BE54-9A1E7A4F7556}") = "F10Y.T0011", "..\..\F10Y.T0011\source\F10Y.T0011\F10Y.T0011.csproj", "{DDF3D3E4-4F7A-4CA0-9B76-21DF27401B4D}"
EndProject
Project("{9A19103F-16F7-4668-BE54-9A1E7A4F7556}") = "F10Y.Y0000", "..\..\F10Y.Y0000\source\F10Y.Y0000\F10Y.Y0000.csproj", "{77E0CA37-D46A-456E-842C-A6B36779952E}"
EndProject
Project("{9A19103F-16F7-4668-BE54-9A1E7A4F7556}") = "F10Y.Z0002", "..\..\F10Y.Z0002\source\F10Y.Z0002\F10Y.Z0002.csproj", "{001E7824-E7DF-4662-85D2-1C5E20A1CDCA}"
EndProject
Global
	GlobalSection(NestedProjects) = preSolution
		{06388A18-6BBF-4F76-BD59-54D0E2B103BA} = {AA6A8890-D1E2-4A44-BCF9-19829E87E9E1}
		{36122283-346C-4000-81B8-21527A5C8B99} = {AA6A8890-D1E2-4A44-BCF9-19829E87E9E1}
		{25DE704B-23B2-4922-9335-A8A1B8BCFCDF} = {AA6A8890-D1E2-4A44-BCF9-19829E87E9E1}
		{3832E035-5975-4569-9290-C30835BE01A2} = {AA6A8890-D1E2-4A44-BCF9-19829E87E9E1}
		{9E40244A-7B40-4C89-AFAF-FA85EA4CA93A} = {AA6A8890-D1E2-4A44-BCF9-19829E87E9E1}
		{E8588495-4032-4992-B637-00C94FB9E2A7} = {AA6A8890-D1E2-4A44-BCF9-19829E87E9E1}
		{A9BF559F-72D4-4A60-86FD-DD3C6B7CAED5} = {AA6A8890-D1E2-4A44-BCF9-19829E87E9E1}
		{DDF3D3E4-4F7A-4CA0-9B76-21DF27401B4D} = {AA6A8890-D1E2-4A44-BCF9-19829E87E9E1}
		{77E0CA37-D46A-456E-842C-A6B36779952E} = {AA6A8890-D1E2-4A44-BCF9-19829E87E9E1}
		{001E7824-E7DF-4662-85D2-1C5E20A1CDCA} = {AA6A8890-D1E2-4A44-BCF9-19829E87E9E1}
	EndGlobalSection
	GlobalSection(SolutionConfigurationPlatforms) = preSolution
		Debug|Any CPU = Debug|Any CPU
		Release|Any CPU = Release|Any CPU
	EndGlobalSection
	GlobalSection(ProjectConfigurationPlatforms) = postSolution
		{77112863-268A-4E62-8C58-BABCBBE61FAA}.Debug|Any CPU.ActiveCfg = Debug|Any CPU
		{77112863-268A-4E62-8C58-BABCBBE61FAA}.Debug|Any CPU.Build.0 = Debug|Any CPU
		{77112863-268A-4E62-8C58-BABCBBE61FAA}.Release|Any CPU.ActiveCfg = Release|Any CPU
		{77112863-268A-4E62-8C58-BABCBBE61FAA}.Release|Any CPU.Build.0 = Release|Any CPU
		{06388A18-6BBF-4F76-BD59-54D0E2B103BA}.Debug|Any CPU.ActiveCfg = Debug|Any CPU
		{06388A18-6BBF-4F76-BD59-54D0E2B103BA}.Debug|Any CPU.Build.0 = Debug|Any CPU
		{06388A18-6BBF-4F76-BD59-54D0E2B103BA}.Release|Any CPU.ActiveCfg = Release|Any CPU
		{06388A18-6BBF-4F76-BD59-54D0E2B103BA}.Release|Any CPU.Build.0 = Release|Any CPU
		{36122283-346C-4000-81B8-21527A5C8B99}.Debug|Any CPU.ActiveCfg = Debug|Any CPU
		{36122283-346C-4000-81B8-21527A5C8B99}.Debug|Any CPU.Build.0 = Debug|Any CPU
		{36122283-346C-4000-81B8-21527A5C8B99}.Release|Any CPU.ActiveCfg = Release|Any CPU
		{36122283-346C-4000-81B8-21527A5C8B99}.Release|Any CPU.Build.0 = Release|Any CPU
		{25DE704B-23B2-4922-9335-A8A1B8BCFCDF}.Debug|Any CPU.ActiveCfg = Debug|Any CPU
		{25DE704B-23B2-4922-9335-A8A1B8BCFCDF}.Debug|Any CPU.Build.0 = Debug|Any CPU
		{25DE704B-23B2-4922-9335-A8A1B8BCFCDF}.Release|Any CPU.ActiveCfg = Release|Any CPU
		{25DE704B-23B2-4922-9335-A8A1B8BCFCDF}.Release|Any CPU.Build.0 = Release|Any CPU
		{3832E035-5975-4569-9290-C30835BE01A2}.Debug|Any CPU.ActiveCfg = Debug|Any CPU
		{3832E035-5975-4569-9290-C30835BE01A2}.Debug|Any CPU.Build.0 = Debug|Any CPU
		{3832E035-5975-4569-9290-C30835BE01A2}.Release|Any CPU.ActiveCfg = Release|Any CPU
		{3832E035-5975-4569-9290-C30835BE01A2}.Release|Any CPU.Build.0 = Release|Any CPU
		{9E40244A-7B40-4C89-AFAF-FA85EA4CA93A}.Debug|Any CPU.ActiveCfg = Debug|Any CPU
		{9E40244A-7B40-4C89-AFAF-FA85EA4CA93A}.Debug|Any CPU.Build.0 = Debug|Any CPU
		{9E40244A-7B40-4C89-AFAF-FA85EA4CA93A}.Release|Any CPU.ActiveCfg = Release|Any CPU
		{9E40244A-7B40-4C89-AFAF-FA85EA4CA93A}.Release|Any CPU.Build.0 = Release|Any CPU
		{E8588495-4032-4992-B637-00C94FB9E2A7}.Debug|Any CPU.ActiveCfg = Debug|Any CPU
		{E8588495-4032-4992-B637-00C94FB9E2A7}.Debug|Any CPU.Build.0 = Debug|Any CPU
		{E8588495-4032-4992-B637-00C94FB9E2A7}.Release|Any CPU.ActiveCfg = Release|Any CPU
		{E8588495-4032-4992-B637-00C94FB9E2A7}.Release|Any CPU.Build.0 = Release|Any CPU
		{A9BF559F-72D4-4A60-86FD-DD3C6B7CAED5}.Debug|Any CPU.ActiveCfg = Debug|Any CPU
		{A9BF559F-72D4-4A60-86FD-DD3C6B7CAED5}.Debug|Any CPU.Build.0 = Debug|Any CPU
		{A9BF559F-72D4-4A60-86FD-DD3C6B7CAED5}.Release|Any CPU.ActiveCfg = Release|Any CPU
		{A9BF559F-72D4-4A60-86FD-DD3C6B7CAED5}.Release|Any CPU.Build.0 = Release|Any CPU
		{DDF3D3E4-4F7A-4CA0-9B76-21DF27401B4D}.Debug|Any CPU.ActiveCfg = Debug|Any CPU
		{DDF3D3E4-4F7A-4CA0-9B76-21DF27401B4D}.Debug|Any CPU.Build.0 = Debug|Any CPU
		{DDF3D3E4-4F7A-4CA0-9B76-21DF27401B4D}.Release|Any CPU.ActiveCfg = Release|Any CPU
		{DDF3D3E4-4F7A-4CA0-9B76-21DF27401B4D}.Release|Any CPU.Build.0 = Release|Any CPU
		{77E0CA37-D46A-456E-842C-A6B36779952E}.Debug|Any CPU.ActiveCfg = Debug|Any CPU
		{77E0CA37-D46A-456E-842C-A6B36779952E}.Debug|Any CPU.Build.0 = Debug|Any CPU
		{77E0CA37-D46A-456E-842C-A6B36779952E}.Release|Any CPU.ActiveCfg = Release|Any CPU
		{77E0CA37-D46A-456E-842C-A6B36779952E}.Release|Any CPU.Build.0 = Release|Any CPU
		{001E7824-E7DF-4662-85D2-1C5E20A1CDCA}.Debug|Any CPU.ActiveCfg = Debug|Any CPU
		{001E7824-E7DF-4662-85D2-1C5E20A1CDCA}.Debug|Any CPU.Build.0 = Debug|Any CPU
		{001E7824-E7DF-4662-85D2-1C5E20A1CDCA}.Release|Any CPU.ActiveCfg = Release|Any CPU
		{001E7824-E7DF-4662-85D2-1C5E20A1CDCA}.Release|Any CPU.Build.0 = Release|Any CPU
	EndGlobalSection
	GlobalSection(SolutionProperties) = preSolution
		HideSolutionNode = FALSE
	EndGlobalSection
	GlobalSection(ExtensibilityGlobals) = postSolution
		SolutionGuid = {7443729A-A012-4822-BB3D-9A2C22BBD322}
	EndGlobalSection
EndGlobal
